
Microsoft Visual Studio Solution File, Format Version 12.00
# Visual Studio 2012
Project("{FAE04EC0-301F-11D3-BF4B-00C04F79EFBC}") = "GraphSynth", "GraphSynth\GraphSynth.csproj", "{9405229A-6AA8-4320-B52C-AAB5B825898E}"
	ProjectSection(ProjectDependencies) = postProject
		{ECF1BE05-558D-4967-91C9-9927F17D4E08} = {ECF1BE05-558D-4967-91C9-9927F17D4E08}
		{D6317B0A-8B33-4482-82B2-2FE5365AFF2E} = {D6317B0A-8B33-4482-82B2-2FE5365AFF2E}
	EndProjectSection
EndProject
Project("{FAE04EC0-301F-11D3-BF4B-00C04F79EFBC}") = "GraphSynth.CustomControls", "GraphSynth.CustomControls\GraphSynth.CustomControls.csproj", "{E47424A2-4E8E-481F-831E-D22186A12AFD}"
EndProject
Project("{2150E333-8FDC-42A3-9474-1A3956D46DE8}") = "Solution Items", "Solution Items", "{A8E3F6A5-EC42-4B80-AFA7-2A00C93E7105}"
	ProjectSection(SolutionItems) = preProject
		Resources\AssemblyInfo.cs = Resources\AssemblyInfo.cs
		Resources\GraphSynth2_Installer.xml = Resources\GraphSynth2_Installer.xml
		Resources\GS2Graph.ico = Resources\GS2Graph.ico
		Resources\GS2Rule.ico = Resources\GS2Rule.ico
		Resources\GS2RuleSet.ico = Resources\GS2RuleSet.ico
		Resources\GSConfig.ico = Resources\GSConfig.ico
		Resources\readme.txt = Resources\readme.txt
		Resources\RunningGSFromSource.htm = Resources\RunningGSFromSource.htm
		Resources\todo.htm = Resources\todo.htm
	EndProjectSection
EndProject
Project("{FAE04EC0-301F-11D3-BF4B-00C04F79EFBC}") = "GraphSynth.GraphLayoutBasic", "GraphSynth.GraphLayoutBasic\GraphSynth.GraphLayoutBasic.csproj", "{D6317B0A-8B33-4482-82B2-2FE5365AFF2E}"
	ProjectSection(ProjectDependencies) = postProject
		{E47424A2-4E8E-481F-831E-D22186A12AFD} = {E47424A2-4E8E-481F-831E-D22186A12AFD}
	EndProjectSection
EndProject
Project("{FAE04EC0-301F-11D3-BF4B-00C04F79EFBC}") = "GraphSynth.UserRandLindChoose", "GraphSynth.UserRandLindChoose\GraphSynth.UserRandLindChoose.csproj", "{ECF1BE05-558D-4967-91C9-9927F17D4E08}"
EndProject
Project("{2150E333-8FDC-42A3-9474-1A3956D46DE8}") = "WPF GUI Version", "WPF GUI Version", "{4D7AD76C-FB1F-42DA-A47B-C63B5ED4DFBA}"
EndProject
Project("{2150E333-8FDC-42A3-9474-1A3956D46DE8}") = "Default Plugins", "Default Plugins", "{78C9EA61-BDC4-4CE4-9242-7DB38C45054F}"
EndProject
Project("{FAE04EC0-301F-11D3-BF4B-00C04F79EFBC}") = "GraphSynthConsole", "GraphSynthConsole\GraphSynthConsole.csproj", "{8E7D4CFD-E5BD-4187-BDBD-F7F9661ABC9C}"
EndProject
Project("{6141683F-8A12-4E36-9623-2EB02B2C2303}") = "Setup1", "Setup1\Setup1.isproj", "{E602EF11-2950-4945-949F-BE4EF2D69151}"
	ProjectSection(ProjectDependencies) = postProject
		{ECF1BE05-558D-4967-91C9-9927F17D4E08} = {ECF1BE05-558D-4967-91C9-9927F17D4E08}
		{D6317B0A-8B33-4482-82B2-2FE5365AFF2E} = {D6317B0A-8B33-4482-82B2-2FE5365AFF2E}
		{9405229A-6AA8-4320-B52C-AAB5B825898E} = {9405229A-6AA8-4320-B52C-AAB5B825898E}
		{E47424A2-4E8E-481F-831E-D22186A12AFD} = {E47424A2-4E8E-481F-831E-D22186A12AFD}
	EndProjectSection
EndProject
Global
	GlobalSection(SolutionConfigurationPlatforms) = preSolution
		CD_ROM|Any CPU = CD_ROM|Any CPU
		Console Debug|Any CPU = Console Debug|Any CPU
		Console Release|Any CPU = Console Release|Any CPU
		DVD-5|Any CPU = DVD-5|Any CPU
		SingleImage|Any CPU = SingleImage|Any CPU
		WPF GUI Debug|Any CPU = WPF GUI Debug|Any CPU
		WPF GUI Release|Any CPU = WPF GUI Release|Any CPU
	EndGlobalSection
	GlobalSection(ProjectConfigurationPlatforms) = postSolution
		{9405229A-6AA8-4320-B52C-AAB5B825898E}.CD_ROM|Any CPU.ActiveCfg = WPF GUI Release|Any CPU
		{9405229A-6AA8-4320-B52C-AAB5B825898E}.CD_ROM|Any CPU.Build.0 = WPF GUI Release|Any CPU
		{9405229A-6AA8-4320-B52C-AAB5B825898E}.Console Debug|Any CPU.ActiveCfg = WPF GUI Debug|Any CPU
		{9405229A-6AA8-4320-B52C-AAB5B825898E}.Console Release|Any CPU.ActiveCfg = WPF GUI Release|Any CPU
		{9405229A-6AA8-4320-B52C-AAB5B825898E}.DVD-5|Any CPU.ActiveCfg = WPF GUI Release|Any CPU
		{9405229A-6AA8-4320-B52C-AAB5B825898E}.DVD-5|Any CPU.Build.0 = WPF GUI Release|Any CPU
		{9405229A-6AA8-4320-B52C-AAB5B825898E}.SingleImage|Any CPU.ActiveCfg = WPF GUI Release|Any CPU
		{9405229A-6AA8-4320-B52C-AAB5B825898E}.SingleImage|Any CPU.Build.0 = WPF GUI Release|Any CPU
		{9405229A-6AA8-4320-B52C-AAB5B825898E}.WPF GUI Debug|Any CPU.ActiveCfg = WPF GUI Debug|Any CPU
		{9405229A-6AA8-4320-B52C-AAB5B825898E}.WPF GUI Debug|Any CPU.Build.0 = WPF GUI Debug|Any CPU
		{9405229A-6AA8-4320-B52C-AAB5B825898E}.WPF GUI Release|Any CPU.ActiveCfg = WPF GUI Release|Any CPU
		{9405229A-6AA8-4320-B52C-AAB5B825898E}.WPF GUI Release|Any CPU.Build.0 = WPF GUI Release|Any CPU
		{E47424A2-4E8E-481F-831E-D22186A12AFD}.CD_ROM|Any CPU.ActiveCfg = WPF GUI Release|Any CPU
		{E47424A2-4E8E-481F-831E-D22186A12AFD}.CD_ROM|Any CPU.Build.0 = WPF GUI Release|Any CPU
		{E47424A2-4E8E-481F-831E-D22186A12AFD}.Console Debug|Any CPU.ActiveCfg = WPF GUI Debug|Any CPU
		{E47424A2-4E8E-481F-831E-D22186A12AFD}.Console Release|Any CPU.ActiveCfg = WPF GUI Release|Any CPU
		{E47424A2-4E8E-481F-831E-D22186A12AFD}.DVD-5|Any CPU.ActiveCfg = WPF GUI Release|Any CPU
		{E47424A2-4E8E-481F-831E-D22186A12AFD}.DVD-5|Any CPU.Build.0 = WPF GUI Release|Any CPU
		{E47424A2-4E8E-481F-831E-D22186A12AFD}.SingleImage|Any CPU.ActiveCfg = WPF GUI Release|Any CPU
		{E47424A2-4E8E-481F-831E-D22186A12AFD}.SingleImage|Any CPU.Build.0 = WPF GUI Release|Any CPU
		{E47424A2-4E8E-481F-831E-D22186A12AFD}.WPF GUI Debug|Any CPU.ActiveCfg = WPF GUI Debug|Any CPU
		{E47424A2-4E8E-481F-831E-D22186A12AFD}.WPF GUI Debug|Any CPU.Build.0 = WPF GUI Debug|Any CPU
		{E47424A2-4E8E-481F-831E-D22186A12AFD}.WPF GUI Release|Any CPU.ActiveCfg = WPF GUI Release|Any CPU
		{E47424A2-4E8E-481F-831E-D22186A12AFD}.WPF GUI Release|Any CPU.Build.0 = WPF GUI Release|Any CPU
		{D6317B0A-8B33-4482-82B2-2FE5365AFF2E}.CD_ROM|Any CPU.ActiveCfg = WPF GUI Release|Any CPU
		{D6317B0A-8B33-4482-82B2-2FE5365AFF2E}.CD_ROM|Any CPU.Build.0 = WPF GUI Release|Any CPU
		{D6317B0A-8B33-4482-82B2-2FE5365AFF2E}.Console Debug|Any CPU.ActiveCfg = WPF GUI Debug|Any CPU
		{D6317B0A-8B33-4482-82B2-2FE5365AFF2E}.Console Release|Any CPU.ActiveCfg = WPF GUI Release|Any CPU
		{D6317B0A-8B33-4482-82B2-2FE5365AFF2E}.DVD-5|Any CPU.ActiveCfg = WPF GUI Release|Any CPU
		{D6317B0A-8B33-4482-82B2-2FE5365AFF2E}.DVD-5|Any CPU.Build.0 = WPF GUI Release|Any CPU
		{D6317B0A-8B33-4482-82B2-2FE5365AFF2E}.SingleImage|Any CPU.ActiveCfg = WPF GUI Release|Any CPU
		{D6317B0A-8B33-4482-82B2-2FE5365AFF2E}.SingleImage|Any CPU.Build.0 = WPF GUI Release|Any CPU
		{D6317B0A-8B33-4482-82B2-2FE5365AFF2E}.WPF GUI Debug|Any CPU.ActiveCfg = WPF GUI Debug|Any CPU
		{D6317B0A-8B33-4482-82B2-2FE5365AFF2E}.WPF GUI Debug|Any CPU.Build.0 = WPF GUI Debug|Any CPU
		{D6317B0A-8B33-4482-82B2-2FE5365AFF2E}.WPF GUI Release|Any CPU.ActiveCfg = WPF GUI Release|Any CPU
		{D6317B0A-8B33-4482-82B2-2FE5365AFF2E}.WPF GUI Release|Any CPU.Build.0 = WPF GUI Release|Any CPU
		{ECF1BE05-558D-4967-91C9-9927F17D4E08}.CD_ROM|Any CPU.ActiveCfg = WPF GUI Release|Any CPU
		{ECF1BE05-558D-4967-91C9-9927F17D4E08}.CD_ROM|Any CPU.Build.0 = WPF GUI Release|Any CPU
		{ECF1BE05-558D-4967-91C9-9927F17D4E08}.Console Debug|Any CPU.ActiveCfg = WPF GUI Debug|Any CPU
		{ECF1BE05-558D-4967-91C9-9927F17D4E08}.Console Release|Any CPU.ActiveCfg = WPF GUI Release|Any CPU
		{ECF1BE05-558D-4967-91C9-9927F17D4E08}.DVD-5|Any CPU.ActiveCfg = WPF GUI Release|Any CPU
		{ECF1BE05-558D-4967-91C9-9927F17D4E08}.DVD-5|Any CPU.Build.0 = WPF GUI Release|Any CPU
		{ECF1BE05-558D-4967-91C9-9927F17D4E08}.SingleImage|Any CPU.ActiveCfg = WPF GUI Release|Any CPU
		{ECF1BE05-558D-4967-91C9-9927F17D4E08}.SingleImage|Any CPU.Build.0 = WPF GUI Release|Any CPU
		{ECF1BE05-558D-4967-91C9-9927F17D4E08}.WPF GUI Debug|Any CPU.ActiveCfg = WPF GUI Debug|Any CPU
		{ECF1BE05-558D-4967-91C9-9927F17D4E08}.WPF GUI Debug|Any CPU.Build.0 = WPF GUI Debug|Any CPU
		{ECF1BE05-558D-4967-91C9-9927F17D4E08}.WPF GUI Release|Any CPU.ActiveCfg = WPF GUI Release|Any CPU
		{ECF1BE05-558D-4967-91C9-9927F17D4E08}.WPF GUI Release|Any CPU.Build.0 = WPF GUI Release|Any CPU
		{8E7D4CFD-E5BD-4187-BDBD-F7F9661ABC9C}.CD_ROM|Any CPU.ActiveCfg = Console Release|Any CPU
		{8E7D4CFD-E5BD-4187-BDBD-F7F9661ABC9C}.CD_ROM|Any CPU.Build.0 = Console Release|Any CPU
		{8E7D4CFD-E5BD-4187-BDBD-F7F9661ABC9C}.Console Debug|Any CPU.ActiveCfg = Console Debug|Any CPU
		{8E7D4CFD-E5BD-4187-BDBD-F7F9661ABC9C}.Console Debug|Any CPU.Build.0 = Console Debug|Any CPU
		{8E7D4CFD-E5BD-4187-BDBD-F7F9661ABC9C}.Console Release|Any CPU.ActiveCfg = Console Release|Any CPU
		{8E7D4CFD-E5BD-4187-BDBD-F7F9661ABC9C}.Console Release|Any CPU.Build.0 = Console Release|Any CPU
		{8E7D4CFD-E5BD-4187-BDBD-F7F9661ABC9C}.DVD-5|Any CPU.ActiveCfg = Console Release|Any CPU
		{8E7D4CFD-E5BD-4187-BDBD-F7F9661ABC9C}.DVD-5|Any CPU.Build.0 = Console Release|Any CPU
		{8E7D4CFD-E5BD-4187-BDBD-F7F9661ABC9C}.SingleImage|Any CPU.ActiveCfg = Console Release|Any CPU
		{8E7D4CFD-E5BD-4187-BDBD-F7F9661ABC9C}.SingleImage|Any CPU.Build.0 = Console Release|Any CPU
		{8E7D4CFD-E5BD-4187-BDBD-F7F9661ABC9C}.WPF GUI Debug|Any CPU.ActiveCfg = Console Debug|Any CPU
		{8E7D4CFD-E5BD-4187-BDBD-F7F9661ABC9C}.WPF GUI Release|Any CPU.ActiveCfg = Console Release|Any CPU
		{E602EF11-2950-4945-949F-BE4EF2D69151}.CD_ROM|Any CPU.ActiveCfg = CD_ROM
		{E602EF11-2950-4945-949F-BE4EF2D69151}.CD_ROM|Any CPU.Build.0 = CD_ROM
		{E602EF11-2950-4945-949F-BE4EF2D69151}.Console Debug|Any CPU.ActiveCfg = CD_ROM
		{E602EF11-2950-4945-949F-BE4EF2D69151}.Console Debug|Any CPU.Build.0 = CD_ROM
		{E602EF11-2950-4945-949F-BE4EF2D69151}.Console Release|Any CPU.ActiveCfg = CD_ROM
		{E602EF11-2950-4945-949F-BE4EF2D69151}.Console Release|Any CPU.Build.0 = CD_ROM
		{E602EF11-2950-4945-949F-BE4EF2D69151}.DVD-5|Any CPU.ActiveCfg = DVD-5
		{E602EF11-2950-4945-949F-BE4EF2D69151}.DVD-5|Any CPU.Build.0 = DVD-5
		{E602EF11-2950-4945-949F-BE4EF2D69151}.SingleImage|Any CPU.ActiveCfg = SingleImage
		{E602EF11-2950-4945-949F-BE4EF2D69151}.SingleImage|Any CPU.Build.0 = SingleImage
		{E602EF11-2950-4945-949F-BE4EF2D69151}.WPF GUI Debug|Any CPU.ActiveCfg = SingleImage
		{E602EF11-2950-4945-949F-BE4EF2D69151}.WPF GUI Debug|Any CPU.Build.0 = SingleImage
		{E602EF11-2950-4945-949F-BE4EF2D69151}.WPF GUI Release|Any CPU.ActiveCfg = SingleImage
		{E602EF11-2950-4945-949F-BE4EF2D69151}.WPF GUI Release|Any CPU.Build.0 = SingleImage
	EndGlobalSection
	GlobalSection(SolutionProperties) = preSolution
		HideSolutionNode = FALSE
	EndGlobalSection
	GlobalSection(NestedProjects) = preSolution
		{E47424A2-4E8E-481F-831E-D22186A12AFD} = {4D7AD76C-FB1F-42DA-A47B-C63B5ED4DFBA}
		{9405229A-6AA8-4320-B52C-AAB5B825898E} = {4D7AD76C-FB1F-42DA-A47B-C63B5ED4DFBA}
		{ECF1BE05-558D-4967-91C9-9927F17D4E08} = {78C9EA61-BDC4-4CE4-9242-7DB38C45054F}
		{D6317B0A-8B33-4482-82B2-2FE5365AFF2E} = {78C9EA61-BDC4-4CE4-9242-7DB38C45054F}
	EndGlobalSection
	GlobalSection(ExtensibilityGlobals) = postSolution
		VisualSVNWorkingCopyRoot = ..
	EndGlobalSection
	GlobalSection(MonoDevelopProperties) = preSolution
		version = 0.1
		StartupItem = GraphSynth\GraphSynth.csproj
	EndGlobalSection
EndGlobal
